
Microsoft Visual Studio Solution File, Format Version 12.00
# Visual Studio 15
VisualStudioVersion = 15.0.26730.8
MinimumVisualStudioVersion = 10.0.40219.1
Project("{8BC9CEB8-8B4A-11D0-8D11-00A0C91BC942}") = "addingFunc", "addingFunc\addingFunc.vcxproj", "{823F214B-A786-44D8-AAC4-86079255EEA4}"
EndProject
Global
	GlobalSection(SolutionConfigurationPlatforms) = preSolution
		Debug|x64 = Debug|x64
		Debug|x86 = Debug|x86
		Release|x64 = Release|x64
		Release|x86 = Release|x86
	EndGlobalSection
	GlobalSection(ProjectConfigurationPlatforms) = postSolution
		{823F214B-A786-44D8-AAC4-86079255EEA4}.Debug|x64.ActiveCfg = Debug|x64
		{823F214B-A786-44D8-AAC4-86079255EEA4}.Debug|x64.Build.0 = Debug|x64
		{823F214B-A786-44D8-AAC4-86079255EEA4}.Debug|x86.ActiveCfg = Debug|Win32
		{823F214B-A786-44D8-AAC4-86079255EEA4}.Debug|x86.Build.0 = Debug|Win32
		{823F214B-A786-44D8-AAC4-86079255EEA4}.Release|x64.ActiveCfg = Release|x64
		{823F214B-A786-44D8-AAC4-86079255EEA4}.Release|x64.Build.0 = Release|x64
		{823F214B-A786-44D8-AAC4-86079255EEA4}.Release|x86.ActiveCfg = Release|Win32
		{823F214B-A786-44D8-AAC4-86079255EEA4}.Release|x86.Build.0 = Release|Win32
	EndGlobalSection
	GlobalSection(SolutionProperties) = preSolution
		HideSolutionNode = FALSE
	EndGlobalSection
	GlobalSection(ExtensibilityGlobals) = postSolution
		SolutionGuid = {E0D5EE93-3FE5-4554-904F-369A04B35BA9}
	EndGlobalSection
EndGlobal
