
Microsoft Visual Studio Solution File, Format Version 12.00
# Visual Studio 15
VisualStudioVersion = 15.0.27428.2002
MinimumVisualStudioVersion = 10.0.40219.1
Project("{8BC9CEB8-8B4A-11D0-8D11-00A0C91BC942}") = "BaseConverter", "BaseConverter\BaseConverter.vcxproj", "{02B3C9CF-76AE-4137-B6CA-53F68AEC1DBD}"
EndProject
Global
	GlobalSection(SolutionConfigurationPlatforms) = preSolution
		Debug|x64 = Debug|x64
		Debug|x86 = Debug|x86
		Release|x64 = Release|x64
		Release|x86 = Release|x86
	EndGlobalSection
	GlobalSection(ProjectConfigurationPlatforms) = postSolution
		{02B3C9CF-76AE-4137-B6CA-53F68AEC1DBD}.Debug|x64.ActiveCfg = Debug|x64
		{02B3C9CF-76AE-4137-B6CA-53F68AEC1DBD}.Debug|x64.Build.0 = Debug|x64
		{02B3C9CF-76AE-4137-B6CA-53F68AEC1DBD}.Debug|x86.ActiveCfg = Debug|Win32
		{02B3C9CF-76AE-4137-B6CA-53F68AEC1DBD}.Debug|x86.Build.0 = Debug|Win32
		{02B3C9CF-76AE-4137-B6CA-53F68AEC1DBD}.Release|x64.ActiveCfg = Release|x64
		{02B3C9CF-76AE-4137-B6CA-53F68AEC1DBD}.Release|x64.Build.0 = Release|x64
		{02B3C9CF-76AE-4137-B6CA-53F68AEC1DBD}.Release|x86.ActiveCfg = Release|Win32
		{02B3C9CF-76AE-4137-B6CA-53F68AEC1DBD}.Release|x86.Build.0 = Release|Win32
	EndGlobalSection
	GlobalSection(SolutionProperties) = preSolution
		HideSolutionNode = FALSE
	EndGlobalSection
	GlobalSection(ExtensibilityGlobals) = postSolution
		SolutionGuid = {8CC7A30B-B25A-42CF-92CA-BBD24B1C384E}
	EndGlobalSection
EndGlobal
