
Microsoft Visual Studio Solution File, Format Version 12.00
# Visual Studio 15
VisualStudioVersion = 15.0.26730.8
MinimumVisualStudioVersion = 10.0.40219.1
Project("{8BC9CEB8-8B4A-11D0-8D11-00A0C91BC942}") = "currencyConverter", "currencyConverter\currencyConverter.vcxproj", "{9F0CD561-886E-4CC6-BB78-E1E1BBCEC6A0}"
EndProject
Global
	GlobalSection(SolutionConfigurationPlatforms) = preSolution
		Debug|x64 = Debug|x64
		Debug|x86 = Debug|x86
		Release|x64 = Release|x64
		Release|x86 = Release|x86
	EndGlobalSection
	GlobalSection(ProjectConfigurationPlatforms) = postSolution
		{9F0CD561-886E-4CC6-BB78-E1E1BBCEC6A0}.Debug|x64.ActiveCfg = Debug|x64
		{9F0CD561-886E-4CC6-BB78-E1E1BBCEC6A0}.Debug|x64.Build.0 = Debug|x64
		{9F0CD561-886E-4CC6-BB78-E1E1BBCEC6A0}.Debug|x86.ActiveCfg = Debug|Win32
		{9F0CD561-886E-4CC6-BB78-E1E1BBCEC6A0}.Debug|x86.Build.0 = Debug|Win32
		{9F0CD561-886E-4CC6-BB78-E1E1BBCEC6A0}.Release|x64.ActiveCfg = Release|x64
		{9F0CD561-886E-4CC6-BB78-E1E1BBCEC6A0}.Release|x64.Build.0 = Release|x64
		{9F0CD561-886E-4CC6-BB78-E1E1BBCEC6A0}.Release|x86.ActiveCfg = Release|Win32
		{9F0CD561-886E-4CC6-BB78-E1E1BBCEC6A0}.Release|x86.Build.0 = Release|Win32
	EndGlobalSection
	GlobalSection(SolutionProperties) = preSolution
		HideSolutionNode = FALSE
	EndGlobalSection
	GlobalSection(ExtensibilityGlobals) = postSolution
		SolutionGuid = {4E0185DE-24DB-4DBF-8EFB-D06B08F53F78}
	EndGlobalSection
EndGlobal
