
Microsoft Visual Studio Solution File, Format Version 12.00
# Visual Studio 15
VisualStudioVersion = 15.0.26730.8
MinimumVisualStudioVersion = 10.0.40219.1
Project("{8BC9CEB8-8B4A-11D0-8D11-00A0C91BC942}") = "Project2", "Project2\Project2.vcxproj", "{17FFD6D5-B793-4152-B149-357E31A9C910}"
EndProject
Global
	GlobalSection(SolutionConfigurationPlatforms) = preSolution
		Debug|x64 = Debug|x64
		Debug|x86 = Debug|x86
		Release|x64 = Release|x64
		Release|x86 = Release|x86
	EndGlobalSection
	GlobalSection(ProjectConfigurationPlatforms) = postSolution
		{17FFD6D5-B793-4152-B149-357E31A9C910}.Debug|x64.ActiveCfg = Debug|x64
		{17FFD6D5-B793-4152-B149-357E31A9C910}.Debug|x64.Build.0 = Debug|x64
		{17FFD6D5-B793-4152-B149-357E31A9C910}.Debug|x86.ActiveCfg = Debug|Win32
		{17FFD6D5-B793-4152-B149-357E31A9C910}.Debug|x86.Build.0 = Debug|Win32
		{17FFD6D5-B793-4152-B149-357E31A9C910}.Release|x64.ActiveCfg = Release|x64
		{17FFD6D5-B793-4152-B149-357E31A9C910}.Release|x64.Build.0 = Release|x64
		{17FFD6D5-B793-4152-B149-357E31A9C910}.Release|x86.ActiveCfg = Release|Win32
		{17FFD6D5-B793-4152-B149-357E31A9C910}.Release|x86.Build.0 = Release|Win32
	EndGlobalSection
	GlobalSection(SolutionProperties) = preSolution
		HideSolutionNode = FALSE
	EndGlobalSection
	GlobalSection(ExtensibilityGlobals) = postSolution
		SolutionGuid = {47D6F4BC-C736-4626-A04D-16BA3D39E2D2}
	EndGlobalSection
EndGlobal
